
Microsoft Visual Studio Solution File, Format Version 12.00
Project("{FAE04EC0-301F-11D3-BF4B-00C04F79EFBC}") = "WindowsFormsApp2", "WindowsFormsApp2\WindowsFormsApp2.csproj", "{CDA94AB6-2540-4AF8-98CE-59D67F2254CF}"
EndProject
Global
	GlobalSection(SolutionConfigurationPlatforms) = preSolution
		Debug|Any CPU = Debug|Any CPU
		Release|Any CPU = Release|Any CPU
	EndGlobalSection
	GlobalSection(ProjectConfigurationPlatforms) = postSolution
		{CDA94AB6-2540-4AF8-98CE-59D67F2254CF}.Debug|Any CPU.ActiveCfg = Debug|Any CPU
		{CDA94AB6-2540-4AF8-98CE-59D67F2254CF}.Debug|Any CPU.Build.0 = Debug|Any CPU
		{CDA94AB6-2540-4AF8-98CE-59D67F2254CF}.Release|Any CPU.ActiveCfg = Release|Any CPU
		{CDA94AB6-2540-4AF8-98CE-59D67F2254CF}.Release|Any CPU.Build.0 = Release|Any CPU
	EndGlobalSection
EndGlobal
